PODS:
  - flutter_open_chinese_convert (0.0.1):
    - FlutterMacOS
  - FlutterMacOS (1.0.0)

DEPENDENCIES:
  - flutter_open_chinese_convert (from `Flutter/ephemeral/.symlinks/plugins/flutter_open_chinese_convert/macos`)
  - FlutterMacOS (from `Flutter/ephemeral`)

EXTERNAL SOURCES:
  flutter_open_chinese_convert:
    :path: Flutter/ephemeral/.symlinks/plugins/flutter_open_chinese_convert/macos
  FlutterMacOS:
    :path: Flutter/ephemeral

SPEC CHECKSUMS:
  flutter_open_chinese_convert: 58c77344c9b37ce80b6feb9e341bc75525cdd843
  FlutterMacOS: d0db08ddef1a9af05a5ec4b724367152bb0500b1

PODFILE CHECKSUM: 54d867c82ac51cbd61b565781b9fada492027009

COCOAPODS: 1.16.2
